// !$*UTF8*$!
{
	archiveVersion = 1;
	classes = {
	};
	objectVersion = 50;
	objects = {

/* Begin PBXBuildFile section */
		F452104F21FB874900545347 /* ZebraClass.swift in Sources */ = {isa = PBXBuildFile; fileRef = F452104C21FB874900545347 /* ZebraClass.swift */; };
		F452105021FB874900545347 /* CheetahClass.swift in Sources */ = {isa = PBXBuildFile; fileRef = F452104D21FB874900545347 /* CheetahClass.swift */; };
		F452105121FB874900545347 /* SpringbokClass.swift in Sources */ = {isa = PBXBuildFile; fileRef = F452104E21FB874900545347 /* SpringbokClass.swift */; };
		F47D204721EFA8E300A867A9 /* InfoClass.swift in Sources */ = {isa = PBXBuildFile; fileRef = F47D204621EFA8E300A867A9 /* InfoClass.swift */; };
		F47D204A21EFC51200A867A9 /* ArchiveClass.swift in Sources */ = {isa = PBXBuildFile; fileRef = F47D204921EFC51200A867A9 /* ArchiveClass.swift */; };
		F47D205121F11CD800A867A9 /* EntityClass.swift in Sources */ = {isa = PBXBuildFile; fileRef = F47D204C21F11CD800A867A9 /* EntityClass.swift */; };
		F47D205221F11CD800A867A9 /* TestClass.swift in Sources */ = {isa = PBXBuildFile; fileRef = F47D204D21F11CD800A867A9 /* TestClass.swift */; };
		F47D205821F25B9E00A867A9 /* rainTest01.sks in Resources */ = {isa = PBXBuildFile; fileRef = F47D205621F25B9E00A867A9 /* rainTest01.sks */; };
		F47D205921F25B9E00A867A9 /* Assets.xcassets in Resources */ = {isa = PBXBuildFile; fileRef = F47D205721F25B9E00A867A9 /* Assets.xcassets */; };
		F489901721F2902B00E4B83B /* thunder01.wav in Resources */ = {isa = PBXBuildFile; fileRef = F489901621F2902B00E4B83B /* thunder01.wav */; };
		F489901B21F2926500E4B83B /* thunder02.wav in Resources */ = {isa = PBXBuildFile; fileRef = F489901821F2926500E4B83B /* thunder02.wav */; };
		F489901C21F2926500E4B83B /* thunder03.wav in Resources */ = {isa = PBXBuildFile; fileRef = F489901921F2926500E4B83B /* thunder03.wav */; };
		F489901D21F2926500E4B83B /* thunder04.wav in Resources */ = {isa = PBXBuildFile; fileRef = F489901A21F2926500E4B83B /* thunder04.wav */; };
		F49CCB4421EACCF500527926 /* MapClass.swift in Sources */ = {isa = PBXBuildFile; fileRef = F49CCB4221EACCF500527926 /* MapClass.swift */; };
		F49CCB4521EACCF500527926 /* MessageClass.swift in Sources */ = {isa = PBXBuildFile; fileRef = F49CCB4321EACCF500527926 /* MessageClass.swift */; };
		F49CCB4721EACD2100527926 /* BirdClass.swift in Sources */ = {isa = PBXBuildFile; fileRef = F49CCB4621EACD2100527926 /* BirdClass.swift */; };
		F49CCB4921EB99DC00527926 /* BuzzardClass.swift in Sources */ = {isa = PBXBuildFile; fileRef = F49CCB4821EB99DC00527926 /* BuzzardClass.swift */; };
		F4D8420D21E17E3700B9D0A8 /* AppDelegate.swift in Sources */ = {isa = PBXBuildFile; fileRef = F4D8420C21E17E3700B9D0A8 /* AppDelegate.swift */; };
		F4D8420F21E17E3700B9D0A8 /* GameScene.sks in Resources */ = {isa = PBXBuildFile; fileRef = F4D8420E21E17E3700B9D0A8 /* GameScene.sks */; };
		F4D8421121E17E3800B9D0A8 /* Actions.sks in Resources */ = {isa = PBXBuildFile; fileRef = F4D8421021E17E3800B9D0A8 /* Actions.sks */; };
		F4D8421321E17E3800B9D0A8 /* GameScene.swift in Sources */ = {isa = PBXBuildFile; fileRef = F4D8421221E17E3800B9D0A8 /* GameScene.swift */; };
		F4D8421521E17E3800B9D0A8 /* ViewController.swift in Sources */ = {isa = PBXBuildFile; fileRef = F4D8421421E17E3800B9D0A8 /* ViewController.swift */; };
		F4D8421721E17E3B00B9D0A8 /* Assets.xcassets in Resources */ = {isa = PBXBuildFile; fileRef = F4D8421621E17E3B00B9D0A8 /* Assets.xcassets */; };
		F4D8421A21E17E3B00B9D0A8 /* Main.storyboard in Resources */ = {isa = PBXBuildFile; fileRef = F4D8421821E17E3B00B9D0A8 /* Main.storyboard */; };
		F4D8422E21E182F500B9D0A8 /* random.swift in Sources */ = {isa = PBXBuildFile; fileRef = F4D8422A21E182F500B9D0A8 /* random.swift */; };
		F4D8422F21E182F500B9D0A8 /* ZoneClass.swift in Sources */ = {isa = PBXBuildFile; fileRef = F4D8422B21E182F500B9D0A8 /* ZoneClass.swift */; };
		F4D8423621E26DC500B9D0A8 /* mapTile.swift in Sources */ = {isa = PBXBuildFile; fileRef = F4D8423521E26DC500B9D0A8 /* mapTile.swift */; };
		F4D8423821E26F1900B9D0A8 /* TerrainGen.swift in Sources */ = {isa = PBXBuildFile; fileRef = F4D8423721E26F1900B9D0A8 /* TerrainGen.swift */; };
		F4FD45AD22051E3600E8D307 /* MyTileSet.sks in Resources */ = {isa = PBXBuildFile; fileRef = F4FD45AC22051E3600E8D307 /* MyTileSet.sks */; };
/* End PBXBuildFile section */

/* Begin PBXFileReference section */
		F452104C21FB874900545347 /* ZebraClass.swift */ = {isa = PBXFileReference; fileEncoding = 4; lastKnownFileType = sourcecode.swift; path = ZebraClass.swift; sourceTree = "<group>"; };
		F452104D21FB874900545347 /* CheetahClass.swift */ = {isa = PBXFileReference; fileEncoding = 4; lastKnownFileType = sourcecode.swift; path = CheetahClass.swift; sourceTree = "<group>"; };
		F452104E21FB874900545347 /* SpringbokClass.swift */ = {isa = PBXFileReference; fileEncoding = 4; lastKnownFileType = sourcecode.swift; path = SpringbokClass.swift; sourceTree = "<group>"; };
		F47D204621EFA8E300A867A9 /* InfoClass.swift */ = {isa = PBXFileReference; lastKnownFileType = sourcecode.swift; path = InfoClass.swift; sourceTree = "<group>"; };
		F47D204921EFC51200A867A9 /* ArchiveClass.swift */ = {isa = PBXFileReference; lastKnownFileType = sourcecode.swift; path = ArchiveClass.swift; sourceTree = "<group>"; };
		F47D204C21F11CD800A867A9 /* EntityClass.swift */ = {isa = PBXFileReference; fileEncoding = 4; lastKnownFileType = sourcecode.swift; path = EntityClass.swift; sourceTree = "<group>"; };
		F47D204D21F11CD800A867A9 /* TestClass.swift */ = {isa = PBXFileReference; fileEncoding = 4; lastKnownFileType = sourcecode.swift; path = TestClass.swift; sourceTree = "<group>"; };
		F47D205621F25B9E00A867A9 /* rainTest01.sks */ = {isa = PBXFileReference; lastKnownFileType = file.sks; path = rainTest01.sks; sourceTree = "<group>"; };
		F47D205721F25B9E00A867A9 /* Assets.xcassets */ = {isa = PBXFileReference; lastKnownFileType = folder.assetcatalog; path = Assets.xcassets; sourceTree = "<group>"; };
		F489901621F2902B00E4B83B /* thunder01.wav */ = {isa = PBXFileReference; lastKnownFileType = audio.wav; path = thunder01.wav; sourceTree = "<group>"; };
		F489901821F2926500E4B83B /* thunder02.wav */ = {isa = PBXFileReference; lastKnownFileType = audio.wav; path = thunder02.wav; sourceTree = "<group>"; };
		F489901921F2926500E4B83B /* thunder03.wav */ = {isa = PBXFileReference; lastKnownFileType = audio.wav; path = thunder03.wav; sourceTree = "<group>"; };
		F489901A21F2926500E4B83B /* thunder04.wav */ = {isa = PBXFileReference; lastKnownFileType = audio.wav; path = thunder04.wav; sourceTree = "<group>"; };
		F49CCB4221EACCF500527926 /* MapClass.swift */ = {isa = PBXFileReference; fileEncoding = 4; lastKnownFileType = sourcecode.swift; path = MapClass.swift; sourceTree = "<group>"; };
		F49CCB4321EACCF500527926 /* MessageClass.swift */ = {isa = PBXFileReference; fileEncoding = 4; lastKnownFileType = sourcecode.swift; path = MessageClass.swift; sourceTree = "<group>"; };
		F49CCB4621EACD2100527926 /* BirdClass.swift */ = {isa = PBXFileReference; fileEncoding = 4; lastKnownFileType = sourcecode.swift; path = BirdClass.swift; sourceTree = "<group>"; };
		F49CCB4821EB99DC00527926 /* BuzzardClass.swift */ = {isa = PBXFileReference; lastKnownFileType = sourcecode.swift; path = BuzzardClass.swift; sourceTree = "<group>"; };
		F4D8420921E17E3700B9D0A8 /* Serengeti.app */ = {isa = PBXFileReference; explicitFileType = wrapper.application; includeInIndex = 0; path = Serengeti.app; sourceTree = BUILT_PRODUCTS_DIR; };
		F4D8420C21E17E3700B9D0A8 /* AppDelegate.swift */ = {isa = PBXFileReference; lastKnownFileType = sourcecode.swift; path = AppDelegate.swift; sourceTree = "<group>"; };
		F4D8420E21E17E3700B9D0A8 /* GameScene.sks */ = {isa = PBXFileReference; lastKnownFileType = file.sks; path = GameScene.sks; sourceTree = "<group>"; };
		F4D8421021E17E3800B9D0A8 /* Actions.sks */ = {isa = PBXFileReference; lastKnownFileType = file.sks; path = Actions.sks; sourceTree = "<group>"; };
		F4D8421221E17E3800B9D0A8 /* GameScene.swift */ = {isa = PBXFileReference; lastKnownFileType = sourcecode.swift; path = GameScene.swift; sourceTree = "<group>"; };
		F4D8421421E17E3800B9D0A8 /* ViewController.swift */ = {isa = PBXFileReference; lastKnownFileType = sourcecode.swift; path = ViewController.swift; sourceTree = "<group>"; };
		F4D8421621E17E3B00B9D0A8 /* Assets.xcassets */ = {isa = PBXFileReference; lastKnownFileType = folder.assetcatalog; path = Assets.xcassets; sourceTree = "<group>"; };
		F4D8421921E17E3B00B9D0A8 /* Base */ = {isa = PBXFileReference; lastKnownFileType = file.storyboard; name = Base; path = Base.lproj/Main.storyboard; sourceTree = "<group>"; };
		F4D8421B21E17E3B00B9D0A8 /* Info.plist */ = {isa = PBXFileReference; lastKnownFileType = text.plist.xml; path = Info.plist; sourceTree = "<group>"; };
		F4D8421C21E17E3B00B9D0A8 /* Serengeti.entitlements */ = {isa = PBXFileReference; lastKnownFileType = text.plist.entitlements; path = Serengeti.entitlements; sourceTree = "<group>"; };
		F4D8422A21E182F500B9D0A8 /* random.swift */ = {isa = PBXFileReference; fileEncoding = 4; lastKnownFileType = sourcecode.swift; path = random.swift; sourceTree = "<group>"; };
		F4D8422B21E182F500B9D0A8 /* ZoneClass.swift */ = {isa = PBXFileReference; fileEncoding = 4; lastKnownFileType = sourcecode.swift; path = ZoneClass.swift; sourceTree = "<group>"; };
		F4D8423521E26DC500B9D0A8 /* mapTile.swift */ = {isa = PBXFileReference; fileEncoding = 4; lastKnownFileType = sourcecode.swift; path = mapTile.swift; sourceTree = "<group>"; };
		F4D8423721E26F1900B9D0A8 /* TerrainGen.swift */ = {isa = PBXFileReference; lastKnownFileType = sourcecode.swift; path = TerrainGen.swift; sourceTree = "<group>"; };
		F4FD45AC22051E3600E8D307 /* MyTileSet.sks */ = {isa = PBXFileReference; lastKnownFileType = file.sks; path = MyTileSet.sks; sourceTree = "<group>"; };
/* End PBXFileReference section */

/* Begin PBXFrameworksBuildPhase section */
		F4D8420621E17E3700B9D0A8 /* Frameworks */ = {
			isa = PBXFrameworksBuildPhase;
			buildActionMask = 2147483647;
			files = (
			);
			runOnlyForDeploymentPostprocessing = 0;
		};
/* End PBXFrameworksBuildPhase section */

/* Begin PBXGroup section */
		F47D205521F25B8400A867A9 /* Effects */ = {
			isa = PBXGroup;
			children = (
				F47D205721F25B9E00A867A9 /* Assets.xcassets */,
				F47D205621F25B9E00A867A9 /* rainTest01.sks */,
			);
			path = Effects;
			sourceTree = "<group>";
		};
		F47D205E21F2888F00A867A9 /* Sounds */ = {
			isa = PBXGroup;
			children = (
				F47D205F21F2889800A867A9 /* Weather */,
			);
			path = Sounds;
			sourceTree = "<group>";
		};
		F47D205F21F2889800A867A9 /* Weather */ = {
			isa = PBXGroup;
			children = (
				F489901621F2902B00E4B83B /* thunder01.wav */,
				F489901821F2926500E4B83B /* thunder02.wav */,
				F489901921F2926500E4B83B /* thunder03.wav */,
				F489901A21F2926500E4B83B /* thunder04.wav */,
			);
			path = Weather;
			sourceTree = "<group>";
		};
		F4D8420021E17E3700B9D0A8 = {
			isa = PBXGroup;
			children = (
				F4D8420B21E17E3700B9D0A8 /* Serengeti */,
				F4D8420A21E17E3700B9D0A8 /* Products */,
			);
			sourceTree = "<group>";
		};
		F4D8420A21E17E3700B9D0A8 /* Products */ = {
			isa = PBXGroup;
			children = (
				F4D8420921E17E3700B9D0A8 /* Serengeti.app */,
			);
			name = Products;
			sourceTree = "<group>";
		};
		F4D8420B21E17E3700B9D0A8 /* Serengeti */ = {
			isa = PBXGroup;
			children = (
				F47D205E21F2888F00A867A9 /* Sounds */,
				F47D205521F25B8400A867A9 /* Effects */,
				F4D8423421E26CCC00B9D0A8 /* Misc Files */,
				F4D8421221E17E3800B9D0A8 /* GameScene.swift */,
				F4D8421421E17E3800B9D0A8 /* ViewController.swift */,
				F4D8421621E17E3B00B9D0A8 /* Assets.xcassets */,
				F4D8422621E1814100B9D0A8 /* AI Classes */,
				F4D8423921E2C48300B9D0A8 /* Support Classes */,
				F4D8422721E182D500B9D0A8 /* Support Files */,
				F4FD45AC22051E3600E8D307 /* MyTileSet.sks */,
			);
			path = Serengeti;
			sourceTree = "<group>";
		};
		F4D8422621E1814100B9D0A8 /* AI Classes */ = {
			isa = PBXGroup;
			children = (
				F452104D21FB874900545347 /* CheetahClass.swift */,
				F452104E21FB874900545347 /* SpringbokClass.swift */,
				F452104C21FB874900545347 /* ZebraClass.swift */,
				F49CCB4621EACD2100527926 /* BirdClass.swift */,
				F47D204C21F11CD800A867A9 /* EntityClass.swift */,
				F47D204D21F11CD800A867A9 /* TestClass.swift */,
				F49CCB4821EB99DC00527926 /* BuzzardClass.swift */,
			);
			path = "AI Classes";
			sourceTree = "<group>";
		};
		F4D8422721E182D500B9D0A8 /* Support Files */ = {
			isa = PBXGroup;
			children = (
				F4D8423521E26DC500B9D0A8 /* mapTile.swift */,
				F4D8422A21E182F500B9D0A8 /* random.swift */,
				F4D8423721E26F1900B9D0A8 /* TerrainGen.swift */,
			);
			name = "Support Files";
			path = "New Group";
			sourceTree = "<group>";
		};
		F4D8423421E26CCC00B9D0A8 /* Misc Files */ = {
			isa = PBXGroup;
			children = (
				F4D8420C21E17E3700B9D0A8 /* AppDelegate.swift */,
				F4D8420E21E17E3700B9D0A8 /* GameScene.sks */,
				F4D8421021E17E3800B9D0A8 /* Actions.sks */,
				F4D8421821E17E3B00B9D0A8 /* Main.storyboard */,
				F4D8421B21E17E3B00B9D0A8 /* Info.plist */,
				F4D8421C21E17E3B00B9D0A8 /* Serengeti.entitlements */,
			);
			name = "Misc Files";
			sourceTree = "<group>";
		};
		F4D8423921E2C48300B9D0A8 /* Support Classes */ = {
			isa = PBXGroup;
			children = (
				F49CCB4221EACCF500527926 /* MapClass.swift */,
				F49CCB4321EACCF500527926 /* MessageClass.swift */,
				F4D8422B21E182F500B9D0A8 /* ZoneClass.swift */,
				F47D204621EFA8E300A867A9 /* InfoClass.swift */,
				F47D204921EFC51200A867A9 /* ArchiveClass.swift */,
			);
			path = "Support Classes";
			sourceTree = "<group>";
		};
/* End PBXGroup section */

/* Begin PBXNativeTarget section */
		F4D8420821E17E3700B9D0A8 /* Serengeti */ = {
			isa = PBXNativeTarget;
			buildConfigurationList = F4D8421F21E17E3B00B9D0A8 /* Build configuration list for PBXNativeTarget "Serengeti" */;
			buildPhases = (
				F4D8420521E17E3700B9D0A8 /* Sources */,
				F4D8420621E17E3700B9D0A8 /* Frameworks */,
				F4D8420721E17E3700B9D0A8 /* Resources */,
			);
			buildRules = (
			);
			dependencies = (
			);
			name = Serengeti;
			productName = Serengeti;
			productReference = F4D8420921E17E3700B9D0A8 /* Serengeti.app */;
			productType = "com.apple.product-type.application";
		};
/* End PBXNativeTarget section */

/* Begin PBXProject section */
		F4D8420121E17E3700B9D0A8 /* Project object */ = {
			isa = PBXProject;
			attributes = {
				LastSwiftUpdateCheck = 1010;
				LastUpgradeCheck = 1010;
				ORGANIZATIONNAME = "Liberty Game Dev";
				TargetAttributes = {
					F4D8420821E17E3700B9D0A8 = {
						CreatedOnToolsVersion = 10.1;
					};
				};
			};
			buildConfigurationList = F4D8420421E17E3700B9D0A8 /* Build configuration list for PBXProject "Serengeti" */;
			compatibilityVersion = "Xcode 9.3";
			developmentRegion = en;
			hasScannedForEncodings = 0;
			knownRegions = (
				en,
				Base,
			);
			mainGroup = F4D8420021E17E3700B9D0A8;
			productRefGroup = F4D8420A21E17E3700B9D0A8 /* Products */;
			projectDirPath = "";
			projectRoot = "";
			targets = (
				F4D8420821E17E3700B9D0A8 /* Serengeti */,
			);
		};
/* End PBXProject section */

/* Begin PBXResourcesBuildPhase section */
		F4D8420721E17E3700B9D0A8 /* Resources */ = {
			isa = PBXResourcesBuildPhase;
			buildActionMask = 2147483647;
			files = (
				F4D8420F21E17E3700B9D0A8 /* GameScene.sks in Resources */,
				F4FD45AD22051E3600E8D307 /* MyTileSet.sks in Resources */,
				F4D8421721E17E3B00B9D0A8 /* Assets.xcassets in Resources */,
				F489901721F2902B00E4B83B /* thunder01.wav in Resources */,
				F4D8421121E17E3800B9D0A8 /* Actions.sks in Resources */,
				F4D8421A21E17E3B00B9D0A8 /* Main.storyboard in Resources */,
				F489901D21F2926500E4B83B /* thunder04.wav in Resources */,
				F489901C21F2926500E4B83B /* thunder03.wav in Resources */,
				F489901B21F2926500E4B83B /* thunder02.wav in Resources */,
				F47D205921F25B9E00A867A9 /* Assets.xcassets in Resources */,
				F47D205821F25B9E00A867A9 /* rainTest01.sks in Resources */,
			);
			runOnlyForDeploymentPostprocessing = 0;
		};
/* End PBXResourcesBuildPhase section */

/* Begin PBXSourcesBuildPhase section */
		F4D8420521E17E3700B9D0A8 /* Sources */ = {
			isa = PBXSourcesBuildPhase;
			buildActionMask = 2147483647;
			files = (
				F47D205221F11CD800A867A9 /* TestClass.swift in Sources */,
				F4D8422E21E182F500B9D0A8 /* random.swift in Sources */,
				F4D8423821E26F1900B9D0A8 /* TerrainGen.swift in Sources */,
				F4D8421521E17E3800B9D0A8 /* ViewController.swift in Sources */,
				F47D205121F11CD800A867A9 /* EntityClass.swift in Sources */,
				F452104F21FB874900545347 /* ZebraClass.swift in Sources */,
				F49CCB4421EACCF500527926 /* MapClass.swift in Sources */,
				F4D8422F21E182F500B9D0A8 /* ZoneClass.swift in Sources */,
				F49CCB4921EB99DC00527926 /* BuzzardClass.swift in Sources */,
				F49CCB4521EACCF500527926 /* MessageClass.swift in Sources */,
				F47D204A21EFC51200A867A9 /* ArchiveClass.swift in Sources */,
				F452105021FB874900545347 /* CheetahClass.swift in Sources */,
				F452105121FB874900545347 /* SpringbokClass.swift in Sources */,
				F4D8421321E17E3800B9D0A8 /* GameScene.swift in Sources */,
				F47D204721EFA8E300A867A9 /* InfoClass.swift in Sources */,
				F49CCB4721EACD2100527926 /* BirdClass.swift in Sources */,
				F4D8420D21E17E3700B9D0A8 /* AppDelegate.swift in Sources */,
				F4D8423621E26DC500B9D0A8 /* mapTile.swift in Sources */,
			);
			runOnlyForDeploymentPostprocessing = 0;
		};
/* End PBXSourcesBuildPhase section */

/* Begin PBXVariantGroup section */
		F4D8421821E17E3B00B9D0A8 /* Main.storyboard */ = {
			isa = PBXVariantGroup;
			children = (
				F4D8421921E17E3B00B9D0A8 /* Base */,
			);
			name = Main.storyboard;
			sourceTree = "<group>";
		};
/* End PBXVariantGroup section */

/* Begin XCBuildConfiguration section */
		F4D8421D21E17E3B00B9D0A8 /* Debug */ = {
			isa = XCBuildConfiguration;
			buildSettings = {
				ALWAYS_SEARCH_USER_PATHS = NO;
				CLANG_ANALYZER_NONNULL = YES;
				CLANG_ANALYZER_NUMBER_OBJECT_CONVERSION = YES_AGGRESSIVE;
				CLANG_CXX_LANGUAGE_STANDARD = "gnu++14";
				CLANG_CXX_LIBRARY = "libc++";
				CLANG_ENABLE_MODULES = YES;
				CLANG_ENABLE_OBJC_ARC = YES;
				CLANG_ENABLE_OBJC_WEAK = YES;
				CLANG_WARN_BLOCK_CAPTURE_AUTORELEASING = YES;
				CLANG_WARN_BOOL_CONVERSION = YES;
				CLANG_WARN_COMMA = YES;
				CLANG_WARN_CONSTANT_CONVERSION = YES;
				CLANG_WARN_DEPRECATED_OBJC_IMPLEMENTATIONS = YES;
				CLANG_WARN_DIRECT_OBJC_ISA_USAGE = YES_ERROR;
				CLANG_WARN_DOCUMENTATION_COMMENTS = YES;
				CLANG_WARN_EMPTY_BODY = YES;
				CLANG_WARN_ENUM_CONVERSION = YES;
				CLANG_WARN_INFINITE_RECURSION = YES;
				CLANG_WARN_INT_CONVERSION = YES;
				CLANG_WARN_NON_LITERAL_NULL_CONVERSION = YES;
				CLANG_WARN_OBJC_IMPLICIT_RETAIN_SELF = YES;
				CLANG_WARN_OBJC_LITERAL_CONVERSION = YES;
				CLANG_WARN_OBJC_ROOT_CLASS = YES_ERROR;
				CLANG_WARN_RANGE_LOOP_ANALYSIS = YES;
				CLANG_WARN_STRICT_PROTOTYPES = YES;
				CLANG_WARN_SUSPICIOUS_MOVE = YES;
				CLANG_WARN_UNGUARDED_AVAILABILITY = YES_AGGRESSIVE;
				CLANG_WARN_UNREACHABLE_CODE = YES;
				CLANG_WARN__DUPLICATE_METHOD_MATCH = YES;
				CODE_SIGN_IDENTITY = "-";
				COPY_PHASE_STRIP = NO;
				DEBUG_INFORMATION_FORMAT = dwarf;
				ENABLE_STRICT_OBJC_MSGSEND = YES;
				ENABLE_TESTABILITY = YES;
				GCC_C_LANGUAGE_STANDARD = gnu11;
				GCC_DYNAMIC_NO_PIC = NO;
				GCC_NO_COMMON_BLOCKS = YES;
				GCC_OPTIMIZATION_LEVEL = 0;
				GCC_PREPROCESSOR_DEFINITIONS = (
					"DEBUG=1",
					"$(inherited)",
				);
				GCC_WARN_64_TO_32_BIT_CONVERSION = YES;
				GCC_WARN_ABOUT_RETURN_TYPE = YES_ERROR;
				GCC_WARN_UNDECLARED_SELECTOR = YES;
				GCC_WARN_UNINITIALIZED_AUTOS = YES_AGGRESSIVE;
				GCC_WARN_UNUSED_FUNCTION = YES;
				GCC_WARN_UNUSED_VARIABLE = YES;
				MACOSX_DEPLOYMENT_TARGET = 10.14;
				MTL_ENABLE_DEBUG_INFO = INCLUDE_SOURCE;
				MTL_FAST_MATH = YES;
				ONLY_ACTIVE_ARCH = YES;
				SDKROOT = macosx;
				SWIFT_ACTIVE_COMPILATION_CONDITIONS = DEBUG;
				SWIFT_OPTIMIZATION_LEVEL = "-Onone";
			};
			name = Debug;
		};
		F4D8421E21E17E3B00B9D0A8 /* Release */ = {
			isa = XCBuildConfiguration;
			buildSettings = {
				ALWAYS_SEARCH_USER_PATHS = NO;
				CLANG_ANALYZER_NONNULL = YES;
				CLANG_ANALYZER_NUMBER_OBJECT_CONVERSION = YES_AGGRESSIVE;
				CLANG_CXX_LANGUAGE_STANDARD = "gnu++14";
				CLANG_CXX_LIBRARY = "libc++";
				CLANG_ENABLE_MODULES = YES;
				CLANG_ENABLE_OBJC_ARC = YES;
				CLANG_ENABLE_OBJC_WEAK = YES;
				CLANG_WARN_BLOCK_CAPTURE_AUTORELEASING = YES;
				CLANG_WARN_BOOL_CONVERSION = YES;
				CLANG_WARN_COMMA = YES;
				CLANG_WARN_CONSTANT_CONVERSION = YES;
				CLANG_WARN_DEPRECATED_OBJC_IMPLEMENTATIONS = YES;
				CLANG_WARN_DIRECT_OBJC_ISA_USAGE = YES_ERROR;
				CLANG_WARN_DOCUMENTATION_COMMENTS = YES;
				CLANG_WARN_EMPTY_BODY = YES;
				CLANG_WARN_ENUM_CONVERSION = YES;
				CLANG_WARN_INFINITE_RECURSION = YES;
				CLANG_WARN_INT_CONVERSION = YES;
				CLANG_WARN_NON_LITERAL_NULL_CONVERSION = YES;
				CLANG_WARN_OBJC_IMPLICIT_RETAIN_SELF = YES;
				CLANG_WARN_OBJC_LITERAL_CONVERSION = YES;
				CLANG_WARN_OBJC_ROOT_CLASS = YES_ERROR;
				CLANG_WARN_RANGE_LOOP_ANALYSIS = YES;
				CLANG_WARN_STRICT_PROTOTYPES = YES;
				CLANG_WARN_SUSPICIOUS_MOVE = YES;
				CLANG_WARN_UNGUARDED_AVAILABILITY = YES_AGGRESSIVE;
				CLANG_WARN_UNREACHABLE_CODE = YES;
				CLANG_WARN__DUPLICATE_METHOD_MATCH = YES;
				CODE_SIGN_IDENTITY = "-";
				COPY_PHASE_STRIP = NO;
				DEBUG_INFORMATION_FORMAT = "dwarf-with-dsym";
				ENABLE_NS_ASSERTIONS = NO;
				ENABLE_STRICT_OBJC_MSGSEND = YES;
				GCC_C_LANGUAGE_STANDARD = gnu11;
				GCC_NO_COMMON_BLOCKS = YES;
				GCC_WARN_64_TO_32_BIT_CONVERSION = YES;
				GCC_WARN_ABOUT_RETURN_TYPE = YES_ERROR;
				GCC_WARN_UNDECLARED_SELECTOR = YES;
				GCC_WARN_UNINITIALIZED_AUTOS = YES_AGGRESSIVE;
				GCC_WARN_UNUSED_FUNCTION = YES;
				GCC_WARN_UNUSED_VARIABLE = YES;
				MACOSX_DEPLOYMENT_TARGET = 10.14;
				MTL_ENABLE_DEBUG_INFO = NO;
				MTL_FAST_MATH = YES;
				SDKROOT = macosx;
				SWIFT_COMPILATION_MODE = wholemodule;
				SWIFT_OPTIMIZATION_LEVEL = "-O";
			};
			name = Release;
		};
		F4D8422021E17E3B00B9D0A8 /* Debug */ = {
			isa = XCBuildConfiguration;
			buildSettings = {
				ASSETCATALOG_COMPILER_APPICON_NAME = AppIcon;
				CODE_SIGN_ENTITLEMENTS = Serengeti/Serengeti.entitlements;
				CODE_SIGN_STYLE = Automatic;
				COMBINE_HIDPI_IMAGES = YES;
				INFOPLIST_FILE = Serengeti/Info.plist;
				LD_RUNPATH_SEARCH_PATHS = (
					"$(inherited)",
					"@executable_path/../Frameworks",
				);
				PRODUCT_BUNDLE_IDENTIFIER = LCS.Serengeti;
				PRODUCT_NAME = "$(TARGET_NAME)";
				SWIFT_VERSION = 4.2;
			};
			name = Debug;
		};
		F4D8422121E17E3B00B9D0A8 /* Release */ = {
			isa = XCBuildConfiguration;
			buildSettings = {
				ASSETCATALOG_COMPILER_APPICON_NAME = AppIcon;
				CODE_SIGN_ENTITLEMENTS = Serengeti/Serengeti.entitlements;
				CODE_SIGN_STYLE = Automatic;
				COMBINE_HIDPI_IMAGES = YES;
				INFOPLIST_FILE = Serengeti/Info.plist;
				LD_RUNPATH_SEARCH_PATHS = (
					"$(inherited)",
					"@executable_path/../Frameworks",
				);
				PRODUCT_BUNDLE_IDENTIFIER = LCS.Serengeti;
				PRODUCT_NAME = "$(TARGET_NAME)";
				SWIFT_VERSION = 4.2;
			};
			name = Release;
		};
/* End XCBuildConfiguration section */

/* Begin XCConfigurationList section */
		F4D8420421E17E3700B9D0A8 /* Build configuration list for PBXProject "Serengeti" */ = {
			isa = XCConfigurationList;
			buildConfigurations = (
				F4D8421D21E17E3B00B9D0A8 /* Debug */,
				F4D8421E21E17E3B00B9D0A8 /* Release */,
			);
			defaultConfigurationIsVisible = 0;
			defaultConfigurationName = Release;
		};
		F4D8421F21E17E3B00B9D0A8 /* Build configuration list for PBXNativeTarget "Serengeti" */ = {
			isa = XCConfigurationList;
			buildConfigurations = (
				F4D8422021E17E3B00B9D0A8 /* Debug */,
				F4D8422121E17E3B00B9D0A8 /* Release */,
			);
			defaultConfigurationIsVisible = 0;
			defaultConfigurationName = Release;
		};
/* End XCConfigurationList section */
	};
	rootObject = F4D8420121E17E3700B9D0A8 /* Project object */;
}
